
Microsoft Visual Studio Solution File, Format Version 12.00
# Visual Studio Version 16
VisualStudioVersion = 16.0.30503.244
MinimumVisualStudioVersion = 10.0.40219.1
Project("{FAE04EC0-301F-11D3-BF4B-00C04F79EFBC}") = "MyProject1", "MyProject1\MyProject1.csproj", "{A04B1834-1337-4846-8F14-DA63710D2750}"
EndProject
Global
	GlobalSection(SolutionConfigurationPlatforms) = preSolution
		Debug|Any CPU = Debug|Any CPU
		Release|Any CPU = Release|Any CPU
	EndGlobalSection
	GlobalSection(ProjectConfigurationPlatforms) = postSolution
		{A04B1834-1337-4846-8F14-DA63710D2750}.Debug|Any CPU.ActiveCfg = Debug|Any CPU
		{A04B1834-1337-4846-8F14-DA63710D2750}.Debug|Any CPU.Build.0 = Debug|Any CPU
		{A04B1834-1337-4846-8F14-DA63710D2750}.Release|Any CPU.ActiveCfg = Release|Any CPU
		{A04B1834-1337-4846-8F14-DA63710D2750}.Release|Any CPU.Build.0 = Release|Any CPU
	EndGlobalSection
	GlobalSection(SolutionProperties) = preSolution
		HideSolutionNode = FALSE
	EndGlobalSection
	GlobalSection(ExtensibilityGlobals) = postSolution
		SolutionGuid = {7EFFE3D8-FB87-47B6-9F4A-306FACC483BE}
	EndGlobalSection
EndGlobal
